# THIS IS AN AUTOGENERATED FILE. DO NOT EDIT THIS FILE DIRECTLY.
# yarn lockfile v1


"@orchidjs/sifter@^0.9.0":
  version "0.9.0"
  resolved "https://registry.yarnpkg.com/@orchidjs/sifter/-/sifter-0.9.0.tgz#07eab78de2ac1799d2c169bf1f2e3e746d86c32c"
  integrity sha512-NDYPhjdydJNbwDRvMFyUFFeImj1a+CJAwpjh/goKmvTHi726DPAJ1nW0X05p/GsorQgXHwhgDPyu6WaYqd4cRA==

"@popperjs/core@^2.11.2":
  version "2.11.2"
  resolved "https://registry.yarnpkg.com/@popperjs/core/-/core-2.11.2.tgz#830beaec4b4091a9e9398ac50f865ddea52186b9"
  integrity sha512-92FRmppjjqz29VMJ2dn+xdyXZBrMlE42AV6Kq6BwjWV7CNUW1hs2FtxSNLQE+gJhaZ6AAmYuO9y8dshhcBl7vA==

bootstrap-sass@^3.3.7:
  version "3.4.1"
  resolved "https://registry.yarnpkg.com/bootstrap-sass/-/bootstrap-sass-3.4.1.tgz#6843c73b1c258a0ac5cb2cc6f6f5285b664a8e9a"
  integrity sha512-p5rxsK/IyEDQm2CwiHxxUi0MZZtvVFbhWmyMOt4lLkA4bujDA1TGoKT0i1FKIWiugAdP+kK8T5KMDFIKQCLYIA==

bootstrap@^5.0.2:
  version "5.1.3"
  resolved "https://registry.yarnpkg.com/bootstrap/-/bootstrap-5.1.3.tgz#ba081b0c130f810fa70900acbc1c6d3c28fa8f34"
  integrity sha512-fcQztozJ8jToQWXxVuEyXWW+dSo8AiXWKwiSSrKWsRB/Qt+Ewwza+JWoLKiTuQLaEPhdNAJ7+Dosc9DOIqNy7Q==

jquery@^3.6.0:
  version "3.6.0"
  resolved "https://registry.yarnpkg.com/jquery/-/jquery-3.6.0.tgz#c72a09f15c1bdce142f49dbf1170bdf8adac2470"
  integrity sha512-JVzAR/AjBvVt2BmYhxRCSYysDsPcssdmTFnzyLEts9qNwmjmu4JTAMYubEfwVOSwpQ1I1sKKFcxhZCI2buerfw==

select2-bootstrap-5-theme@^1.2.0:
  version "1.2.0"
  resolved "https://registry.yarnpkg.com/select2-bootstrap-5-theme/-/select2-bootstrap-5-theme-1.2.0.tgz#36282520c7a88b89818350217600f3440dab718e"
  integrity sha512-ia8yvInGTU9XntLQM1+ByGNA+nY2LPqgdB4XA/D766gihZjRpPJlum2eXbg/ur4q+H5hAnoCkY5TcFcX3DseKg==
  dependencies:
    bootstrap "^5.0.2"

select2@^4.1.0-rc.0:
  version "4.1.0-rc.0"
  resolved "https://registry.yarnpkg.com/select2/-/select2-4.1.0-rc.0.tgz#ba3cd3901dda0155e1c0219ab41b74ba51ea22d8"
  integrity sha512-Hr9TdhyHCZUtwznEH2CBf7967mEM0idtJ5nMtjvk3Up5tPukOLXbHUNmh10oRfeNIhj+3GD3niu+g6sVK+gK0A==

tom-select@^2.0.0:
  version "2.0.0"
  resolved "https://registry.yarnpkg.com/tom-select/-/tom-select-2.0.0.tgz#751ac1087cce29bd40e09f1a604e9ad69451fc86"
  integrity sha512-ArECm8bNnv8GMTpvSQawesKX6IDv32cylqivjbghwCddYwfngmz+nOtEhQZkEye7BY415eutqhb4XYim2EL8Hg==
  dependencies:
    "@orchidjs/sifter" "^0.9.0"
